
Microsoft Visual Studio Solution File, Format Version 12.00
# Visual Studio Version 17
VisualStudioVersion = 17.2.32526.322
MinimumVisualStudioVersion = 10.0.40219.1
Project("{FAE04EC0-301F-11D3-BF4B-00C04F79EFBC}") = "HighSchool", "HighSchool.csproj", "{5CA55CCA-7090-4FC0-882F-DE64B03882FC}"
EndProject
Global
	GlobalSection(SolutionConfigurationPlatforms) = preSolution
		Debug|Any CPU = Debug|Any CPU
		Release|Any CPU = Release|Any CPU
	EndGlobalSection
	GlobalSection(ProjectConfigurationPlatforms) = postSolution
		{5CA55CCA-7090-4FC0-882F-DE64B03882FC}.Debug|Any CPU.ActiveCfg = Debug|Any CPU
		{5CA55CCA-7090-4FC0-882F-DE64B03882FC}.Debug|Any CPU.Build.0 = Debug|Any CPU
		{5CA55CCA-7090-4FC0-882F-DE64B03882FC}.Release|Any CPU.ActiveCfg = Release|Any CPU
		{5CA55CCA-7090-4FC0-882F-DE64B03882FC}.Release|Any CPU.Build.0 = Release|Any CPU
	EndGlobalSection
	GlobalSection(SolutionProperties) = preSolution
		HideSolutionNode = FALSE
	EndGlobalSection
	GlobalSection(ExtensibilityGlobals) = postSolution
		SolutionGuid = {EFA0C883-3219-4D86-ABD1-C9BE12578745}
	EndGlobalSection
EndGlobal
