
Microsoft Visual Studio Solution File, Format Version 12.00
# Visual Studio Version 17
VisualStudioVersion = 17.1.32210.238
MinimumVisualStudioVersion = 10.0.40219.1
Project("{FAE04EC0-301F-11D3-BF4B-00C04F79EFBC}") = "CodeAlong", "CodeAlong.csproj", "{B1F0795B-56B8-4DEB-9440-58B5393B7138}"
EndProject
Global
	GlobalSection(SolutionConfigurationPlatforms) = preSolution
		Debug|Any CPU = Debug|Any CPU
		Release|Any CPU = Release|Any CPU
	EndGlobalSection
	GlobalSection(ProjectConfigurationPlatforms) = postSolution
		{B1F0795B-56B8-4DEB-9440-58B5393B7138}.Debug|Any CPU.ActiveCfg = Debug|Any CPU
		{B1F0795B-56B8-4DEB-9440-58B5393B7138}.Debug|Any CPU.Build.0 = Debug|Any CPU
		{B1F0795B-56B8-4DEB-9440-58B5393B7138}.Release|Any CPU.ActiveCfg = Release|Any CPU
		{B1F0795B-56B8-4DEB-9440-58B5393B7138}.Release|Any CPU.Build.0 = Release|Any CPU
	EndGlobalSection
	GlobalSection(SolutionProperties) = preSolution
		HideSolutionNode = FALSE
	EndGlobalSection
	GlobalSection(ExtensibilityGlobals) = postSolution
		SolutionGuid = {89D89E02-4B5E-44B2-9FEB-678CA25561FD}
	EndGlobalSection
EndGlobal
