
Microsoft Visual Studio Solution File, Format Version 12.00
# Visual Studio Version 17
VisualStudioVersion = 17.1.32210.238
MinimumVisualStudioVersion = 10.0.40219.1
Project("{FAE04EC0-301F-11D3-BF4B-00C04F79EFBC}") = "conditions-oppgave2", "conditions-oppgave2.csproj", "{470F63E8-1739-4B9F-B8D2-600AC86F052C}"
EndProject
Global
	GlobalSection(SolutionConfigurationPlatforms) = preSolution
		Debug|Any CPU = Debug|Any CPU
		Release|Any CPU = Release|Any CPU
	EndGlobalSection
	GlobalSection(ProjectConfigurationPlatforms) = postSolution
		{470F63E8-1739-4B9F-B8D2-600AC86F052C}.Debug|Any CPU.ActiveCfg = Debug|Any CPU
		{470F63E8-1739-4B9F-B8D2-600AC86F052C}.Debug|Any CPU.Build.0 = Debug|Any CPU
		{470F63E8-1739-4B9F-B8D2-600AC86F052C}.Release|Any CPU.ActiveCfg = Release|Any CPU
		{470F63E8-1739-4B9F-B8D2-600AC86F052C}.Release|Any CPU.Build.0 = Release|Any CPU
	EndGlobalSection
	GlobalSection(SolutionProperties) = preSolution
		HideSolutionNode = FALSE
	EndGlobalSection
	GlobalSection(ExtensibilityGlobals) = postSolution
		SolutionGuid = {BE8040EC-BF62-443A-BD62-0E3FD0EDD3D5}
	EndGlobalSection
EndGlobal
