
Microsoft Visual Studio Solution File, Format Version 12.00
# Visual Studio Version 17
VisualStudioVersion = 17.2.32526.322
MinimumVisualStudioVersion = 10.0.40219.1
Project("{FAE04EC0-301F-11D3-BF4B-00C04F79EFBC}") = "CSGO-MAGNUS", "CSGO-MAGNUS.csproj", "{02DB58E2-EEB0-4907-B5B9-613B1FEC6EF6}"
EndProject
Global
	GlobalSection(SolutionConfigurationPlatforms) = preSolution
		Debug|Any CPU = Debug|Any CPU
		Release|Any CPU = Release|Any CPU
	EndGlobalSection
	GlobalSection(ProjectConfigurationPlatforms) = postSolution
		{02DB58E2-EEB0-4907-B5B9-613B1FEC6EF6}.Debug|Any CPU.ActiveCfg = Debug|Any CPU
		{02DB58E2-EEB0-4907-B5B9-613B1FEC6EF6}.Debug|Any CPU.Build.0 = Debug|Any CPU
		{02DB58E2-EEB0-4907-B5B9-613B1FEC6EF6}.Release|Any CPU.ActiveCfg = Release|Any CPU
		{02DB58E2-EEB0-4907-B5B9-613B1FEC6EF6}.Release|Any CPU.Build.0 = Release|Any CPU
	EndGlobalSection
	GlobalSection(SolutionProperties) = preSolution
		HideSolutionNode = FALSE
	EndGlobalSection
	GlobalSection(ExtensibilityGlobals) = postSolution
		SolutionGuid = {DFCB12F1-AD32-404E-9AAC-246460D91A00}
	EndGlobalSection
EndGlobal
