
Microsoft Visual Studio Solution File, Format Version 12.00
# Visual Studio Version 17
VisualStudioVersion = 17.1.32210.238
MinimumVisualStudioVersion = 10.0.40219.1
Project("{FAE04EC0-301F-11D3-BF4B-00C04F79EFBC}") = "løkker-oppgave3", "løkker-oppgave3.csproj", "{26B4B379-60C2-424D-BA8E-23BFD5D78621}"
EndProject
Global
	GlobalSection(SolutionConfigurationPlatforms) = preSolution
		Debug|Any CPU = Debug|Any CPU
		Release|Any CPU = Release|Any CPU
	EndGlobalSection
	GlobalSection(ProjectConfigurationPlatforms) = postSolution
		{26B4B379-60C2-424D-BA8E-23BFD5D78621}.Debug|Any CPU.ActiveCfg = Debug|Any CPU
		{26B4B379-60C2-424D-BA8E-23BFD5D78621}.Debug|Any CPU.Build.0 = Debug|Any CPU
		{26B4B379-60C2-424D-BA8E-23BFD5D78621}.Release|Any CPU.ActiveCfg = Release|Any CPU
		{26B4B379-60C2-424D-BA8E-23BFD5D78621}.Release|Any CPU.Build.0 = Release|Any CPU
	EndGlobalSection
	GlobalSection(SolutionProperties) = preSolution
		HideSolutionNode = FALSE
	EndGlobalSection
	GlobalSection(ExtensibilityGlobals) = postSolution
		SolutionGuid = {65A8E413-D26A-4320-8417-E5B6F49DD6BF}
	EndGlobalSection
EndGlobal
